
Microsoft Visual Studio Solution File, Format Version 12.00
# Visual Studio Version 16
VisualStudioVersion = 16.0.31829.152
MinimumVisualStudioVersion = 10.0.40219.1
Project("{8BC9CEB8-8B4A-11D0-8D11-00A0C91BC942}") = "Лабораторная работа №12", "Лабораторная работа №12\Лабораторная работа №12.vcxproj", "{68088FC8-44E0-4965-A674-9EF0E879D1AA}"
EndProject
Project("{8BC9CEB8-8B4A-11D0-8D11-00A0C91BC942}") = "2", "2\2.vcxproj", "{D99C0B5D-6E91-48C3-948C-E8121DAC6EE0}"
EndProject
Project("{8BC9CEB8-8B4A-11D0-8D11-00A0C91BC942}") = "3", "3\3.vcxproj", "{2DF7EF4A-8D64-40F8-99BF-711E2D275A94}"
EndProject
Project("{8BC9CEB8-8B4A-11D0-8D11-00A0C91BC942}") = "4", "4\4.vcxproj", "{948FAAE9-0230-4917-AA6C-4B682BD143E1}"
EndProject
Project("{8BC9CEB8-8B4A-11D0-8D11-00A0C91BC942}") = "5", "5\5.vcxproj", "{A7520607-CE48-4292-ADA3-666C098C018A}"
EndProject
Project("{8BC9CEB8-8B4A-11D0-8D11-00A0C91BC942}") = "6", "6\6.vcxproj", "{010D1B55-5AB8-424D-ADDE-5ECE0AD70244}"
EndProject
Project("{8BC9CEB8-8B4A-11D0-8D11-00A0C91BC942}") = "7", "7\7.vcxproj", "{F2EC5FD8-2DBC-4CDA-B50C-75D3D7B5642C}"
EndProject
Project("{8BC9CEB8-8B4A-11D0-8D11-00A0C91BC942}") = "8", "8\8.vcxproj", "{0AD1C00E-0568-461D-AFD5-425C69AAE09A}"
EndProject
Project("{8BC9CEB8-8B4A-11D0-8D11-00A0C91BC942}") = "9", "9\9.vcxproj", "{7FCCD0EA-86F0-4DCC-A614-F79E1F0D6357}"
EndProject
Project("{8BC9CEB8-8B4A-11D0-8D11-00A0C91BC942}") = "10", "10\10.vcxproj", "{772EE22D-3EE1-4612-B23D-C74C6E25F9BC}"
EndProject
Global
	GlobalSection(SolutionConfigurationPlatforms) = preSolution
		Debug|x64 = Debug|x64
		Debug|x86 = Debug|x86
		Release|x64 = Release|x64
		Release|x86 = Release|x86
	EndGlobalSection
	GlobalSection(ProjectConfigurationPlatforms) = postSolution
		{68088FC8-44E0-4965-A674-9EF0E879D1AA}.Debug|x64.ActiveCfg = Debug|x64
		{68088FC8-44E0-4965-A674-9EF0E879D1AA}.Debug|x64.Build.0 = Debug|x64
		{68088FC8-44E0-4965-A674-9EF0E879D1AA}.Debug|x86.ActiveCfg = Debug|Win32
		{68088FC8-44E0-4965-A674-9EF0E879D1AA}.Debug|x86.Build.0 = Debug|Win32
		{68088FC8-44E0-4965-A674-9EF0E879D1AA}.Release|x64.ActiveCfg = Release|x64
		{68088FC8-44E0-4965-A674-9EF0E879D1AA}.Release|x64.Build.0 = Release|x64
		{68088FC8-44E0-4965-A674-9EF0E879D1AA}.Release|x86.ActiveCfg = Release|Win32
		{68088FC8-44E0-4965-A674-9EF0E879D1AA}.Release|x86.Build.0 = Release|Win32
		{D99C0B5D-6E91-48C3-948C-E8121DAC6EE0}.Debug|x64.ActiveCfg = Debug|x64
		{D99C0B5D-6E91-48C3-948C-E8121DAC6EE0}.Debug|x64.Build.0 = Debug|x64
		{D99C0B5D-6E91-48C3-948C-E8121DAC6EE0}.Debug|x86.ActiveCfg = Debug|Win32
		{D99C0B5D-6E91-48C3-948C-E8121DAC6EE0}.Debug|x86.Build.0 = Debug|Win32
		{D99C0B5D-6E91-48C3-948C-E8121DAC6EE0}.Release|x64.ActiveCfg = Release|x64
		{D99C0B5D-6E91-48C3-948C-E8121DAC6EE0}.Release|x64.Build.0 = Release|x64
		{D99C0B5D-6E91-48C3-948C-E8121DAC6EE0}.Release|x86.ActiveCfg = Release|Win32
		{D99C0B5D-6E91-48C3-948C-E8121DAC6EE0}.Release|x86.Build.0 = Release|Win32
		{2DF7EF4A-8D64-40F8-99BF-711E2D275A94}.Debug|x64.ActiveCfg = Debug|x64
		{2DF7EF4A-8D64-40F8-99BF-711E2D275A94}.Debug|x64.Build.0 = Debug|x64
		{2DF7EF4A-8D64-40F8-99BF-711E2D275A94}.Debug|x86.ActiveCfg = Debug|Win32
		{2DF7EF4A-8D64-40F8-99BF-711E2D275A94}.Debug|x86.Build.0 = Debug|Win32
		{2DF7EF4A-8D64-40F8-99BF-711E2D275A94}.Release|x64.ActiveCfg = Release|x64
		{2DF7EF4A-8D64-40F8-99BF-711E2D275A94}.Release|x64.Build.0 = Release|x64
		{2DF7EF4A-8D64-40F8-99BF-711E2D275A94}.Release|x86.ActiveCfg = Release|Win32
		{2DF7EF4A-8D64-40F8-99BF-711E2D275A94}.Release|x86.Build.0 = Release|Win32
		{948FAAE9-0230-4917-AA6C-4B682BD143E1}.Debug|x64.ActiveCfg = Debug|x64
		{948FAAE9-0230-4917-AA6C-4B682BD143E1}.Debug|x64.Build.0 = Debug|x64
		{948FAAE9-0230-4917-AA6C-4B682BD143E1}.Debug|x86.ActiveCfg = Debug|Win32
		{948FAAE9-0230-4917-AA6C-4B682BD143E1}.Debug|x86.Build.0 = Debug|Win32
		{948FAAE9-0230-4917-AA6C-4B682BD143E1}.Release|x64.ActiveCfg = Release|x64
		{948FAAE9-0230-4917-AA6C-4B682BD143E1}.Release|x64.Build.0 = Release|x64
		{948FAAE9-0230-4917-AA6C-4B682BD143E1}.Release|x86.ActiveCfg = Release|Win32
		{948FAAE9-0230-4917-AA6C-4B682BD143E1}.Release|x86.Build.0 = Release|Win32
		{A7520607-CE48-4292-ADA3-666C098C018A}.Debug|x64.ActiveCfg = Debug|x64
		{A7520607-CE48-4292-ADA3-666C098C018A}.Debug|x64.Build.0 = Debug|x64
		{A7520607-CE48-4292-ADA3-666C098C018A}.Debug|x86.ActiveCfg = Debug|Win32
		{A7520607-CE48-4292-ADA3-666C098C018A}.Debug|x86.Build.0 = Debug|Win32
		{A7520607-CE48-4292-ADA3-666C098C018A}.Release|x64.ActiveCfg = Release|x64
		{A7520607-CE48-4292-ADA3-666C098C018A}.Release|x64.Build.0 = Release|x64
		{A7520607-CE48-4292-ADA3-666C098C018A}.Release|x86.ActiveCfg = Release|Win32
		{A7520607-CE48-4292-ADA3-666C098C018A}.Release|x86.Build.0 = Release|Win32
		{010D1B55-5AB8-424D-ADDE-5ECE0AD70244}.Debug|x64.ActiveCfg = Debug|x64
		{010D1B55-5AB8-424D-ADDE-5ECE0AD70244}.Debug|x64.Build.0 = Debug|x64
		{010D1B55-5AB8-424D-ADDE-5ECE0AD70244}.Debug|x86.ActiveCfg = Debug|Win32
		{010D1B55-5AB8-424D-ADDE-5ECE0AD70244}.Debug|x86.Build.0 = Debug|Win32
		{010D1B55-5AB8-424D-ADDE-5ECE0AD70244}.Release|x64.ActiveCfg = Release|x64
		{010D1B55-5AB8-424D-ADDE-5ECE0AD70244}.Release|x64.Build.0 = Release|x64
		{010D1B55-5AB8-424D-ADDE-5ECE0AD70244}.Release|x86.ActiveCfg = Release|Win32
		{010D1B55-5AB8-424D-ADDE-5ECE0AD70244}.Release|x86.Build.0 = Release|Win32
		{F2EC5FD8-2DBC-4CDA-B50C-75D3D7B5642C}.Debug|x64.ActiveCfg = Debug|x64
		{F2EC5FD8-2DBC-4CDA-B50C-75D3D7B5642C}.Debug|x64.Build.0 = Debug|x64
		{F2EC5FD8-2DBC-4CDA-B50C-75D3D7B5642C}.Debug|x86.ActiveCfg = Debug|Win32
		{F2EC5FD8-2DBC-4CDA-B50C-75D3D7B5642C}.Debug|x86.Build.0 = Debug|Win32
		{F2EC5FD8-2DBC-4CDA-B50C-75D3D7B5642C}.Release|x64.ActiveCfg = Release|x64
		{F2EC5FD8-2DBC-4CDA-B50C-75D3D7B5642C}.Release|x64.Build.0 = Release|x64
		{F2EC5FD8-2DBC-4CDA-B50C-75D3D7B5642C}.Release|x86.ActiveCfg = Release|Win32
		{F2EC5FD8-2DBC-4CDA-B50C-75D3D7B5642C}.Release|x86.Build.0 = Release|Win32
		{0AD1C00E-0568-461D-AFD5-425C69AAE09A}.Debug|x64.ActiveCfg = Debug|x64
		{0AD1C00E-0568-461D-AFD5-425C69AAE09A}.Debug|x64.Build.0 = Debug|x64
		{0AD1C00E-0568-461D-AFD5-425C69AAE09A}.Debug|x86.ActiveCfg = Debug|Win32
		{0AD1C00E-0568-461D-AFD5-425C69AAE09A}.Debug|x86.Build.0 = Debug|Win32
		{0AD1C00E-0568-461D-AFD5-425C69AAE09A}.Release|x64.ActiveCfg = Release|x64
		{0AD1C00E-0568-461D-AFD5-425C69AAE09A}.Release|x64.Build.0 = Release|x64
		{0AD1C00E-0568-461D-AFD5-425C69AAE09A}.Release|x86.ActiveCfg = Release|Win32
		{0AD1C00E-0568-461D-AFD5-425C69AAE09A}.Release|x86.Build.0 = Release|Win32
		{7FCCD0EA-86F0-4DCC-A614-F79E1F0D6357}.Debug|x64.ActiveCfg = Debug|x64
		{7FCCD0EA-86F0-4DCC-A614-F79E1F0D6357}.Debug|x64.Build.0 = Debug|x64
		{7FCCD0EA-86F0-4DCC-A614-F79E1F0D6357}.Debug|x86.ActiveCfg = Debug|Win32
		{7FCCD0EA-86F0-4DCC-A614-F79E1F0D6357}.Debug|x86.Build.0 = Debug|Win32
		{7FCCD0EA-86F0-4DCC-A614-F79E1F0D6357}.Release|x64.ActiveCfg = Release|x64
		{7FCCD0EA-86F0-4DCC-A614-F79E1F0D6357}.Release|x64.Build.0 = Release|x64
		{7FCCD0EA-86F0-4DCC-A614-F79E1F0D6357}.Release|x86.ActiveCfg = Release|Win32
		{7FCCD0EA-86F0-4DCC-A614-F79E1F0D6357}.Release|x86.Build.0 = Release|Win32
		{772EE22D-3EE1-4612-B23D-C74C6E25F9BC}.Debug|x64.ActiveCfg = Debug|x64
		{772EE22D-3EE1-4612-B23D-C74C6E25F9BC}.Debug|x64.Build.0 = Debug|x64
		{772EE22D-3EE1-4612-B23D-C74C6E25F9BC}.Debug|x86.ActiveCfg = Debug|Win32
		{772EE22D-3EE1-4612-B23D-C74C6E25F9BC}.Debug|x86.Build.0 = Debug|Win32
		{772EE22D-3EE1-4612-B23D-C74C6E25F9BC}.Release|x64.ActiveCfg = Release|x64
		{772EE22D-3EE1-4612-B23D-C74C6E25F9BC}.Release|x64.Build.0 = Release|x64
		{772EE22D-3EE1-4612-B23D-C74C6E25F9BC}.Release|x86.ActiveCfg = Release|Win32
		{772EE22D-3EE1-4612-B23D-C74C6E25F9BC}.Release|x86.Build.0 = Release|Win32
	EndGlobalSection
	GlobalSection(SolutionProperties) = preSolution
		HideSolutionNode = FALSE
	EndGlobalSection
	GlobalSection(ExtensibilityGlobals) = postSolution
		SolutionGuid = {ADC85D72-4964-497D-AAB8-8B95E7E11995}
	EndGlobalSection
EndGlobal
